// !$*UTF8*$!
{
	archiveVersion = 1;
	classes = {
	};
	objectVersion = 46;
	objects = {

/* Begin PBXBuildFile section */
		A4D043641D00A9CB00DF072B /* cross.png in Resources */ = {isa = PBXBuildFile; fileRef = A4D043621D00A9CB00DF072B /* cross.png */; };
		A4D043651D00A9CB00DF072B /* nought.png in Resources */ = {isa = PBXBuildFile; fileRef = A4D043631D00A9CB00DF072B /* nought.png */; };
		CE974EBF1CF44E3500F6F35B /* AppDelegate.swift in Sources */ = {isa = PBXBuildFile; fileRef = CE974EBE1CF44E3500F6F35B /* AppDelegate.swift */; };
		CE974EC11CF44E3500F6F35B /* ViewController.swift in Sources */ = {isa = PBXBuildFile; fileRef = CE974EC01CF44E3500F6F35B /* ViewController.swift */; };
		CE974EC41CF44E3500F6F35B /* Main.storyboard in Resources */ = {isa = PBXBuildFile; fileRef = CE974EC21CF44E3500F6F35B /* Main.storyboard */; };
		CE974EC61CF44E3500F6F35B /* Assets.xcassets in Resources */ = {isa = PBXBuildFile; fileRef = CE974EC51CF44E3500F6F35B /* Assets.xcassets */; };
		CE974EC91CF44E3500F6F35B /* LaunchScreen.storyboard in Resources */ = {isa = PBXBuildFile; fileRef = CE974EC71CF44E3500F6F35B /* LaunchScreen.storyboard */; };
		CE974ED71CF4569E00F6F35B /* board.png in Resources */ = {isa = PBXBuildFile; fileRef = CE974ED61CF4569E00F6F35B /* board.png */; };
/* End PBXBuildFile section */

/* Begin PBXFileReference section */
		A4D043621D00A9CB00DF072B /* cross.png */ = {isa = PBXFileReference; lastKnownFileType = image.png; path = cross.png; sourceTree = "<group>"; };
		A4D043631D00A9CB00DF072B /* nought.png */ = {isa = PBXFileReference; lastKnownFileType = image.png; path = nought.png; sourceTree = "<group>"; };
		CE974EBB1CF44E3500F6F35B /* Tic Tac Toe.app */ = {isa = PBXFileReference; explicitFileType = wrapper.application; includeInIndex = 0; path = "Tic Tac Toe.app"; sourceTree = BUILT_PRODUCTS_DIR; };
		CE974EBE1CF44E3500F6F35B /* AppDelegate.swift */ = {isa = PBXFileReference; lastKnownFileType = sourcecode.swift; path = AppDelegate.swift; sourceTree = "<group>"; };
		CE974EC01CF44E3500F6F35B /* ViewController.swift */ = {isa = PBXFileReference; lastKnownFileType = sourcecode.swift; path = ViewController.swift; sourceTree = "<group>"; };
		CE974EC31CF44E3500F6F35B /* Base */ = {isa = PBXFileReference; lastKnownFileType = file.storyboard; name = Base; path = Base.lproj/Main.storyboard; sourceTree = "<group>"; };
		CE974EC51CF44E3500F6F35B /* Assets.xcassets */ = {isa = PBXFileReference; lastKnownFileType = folder.assetcatalog; path = Assets.xcassets; sourceTree = "<group>"; };
		CE974EC81CF44E3500F6F35B /* Base */ = {isa = PBXFileReference; lastKnownFileType = file.storyboard; name = Base; path = Base.lproj/LaunchScreen.storyboard; sourceTree = "<group>"; };
		CE974ECA1CF44E3500F6F35B /* Info.plist */ = {isa = PBXFileReference; lastKnownFileType = text.plist.xml; path = Info.plist; sourceTree = "<group>"; };
		CE974ED61CF4569E00F6F35B /* board.png */ = {isa = PBXFileReference; lastKnownFileType = image.png; path = board.png; sourceTree = "<group>"; };
/* End PBXFileReference section */

/* Begin PBXFrameworksBuildPhase section */
		CE974EB81CF44E3500F6F35B /* Frameworks */ = {
			isa = PBXFrameworksBuildPhase;
			buildActionMask = 2147483647;
			files = (
			);
			runOnlyForDeploymentPostprocessing = 0;
		};
/* End PBXFrameworksBuildPhase section */

/* Begin PBXGroup section */
		CE974EB21CF44E3500F6F35B = {
			isa = PBXGroup;
			children = (
				CE974EBD1CF44E3500F6F35B /* Tic Tac Toe */,
				CE974EBC1CF44E3500F6F35B /* Products */,
			);
			sourceTree = "<group>";
		};
		CE974EBC1CF44E3500F6F35B /* Products */ = {
			isa = PBXGroup;
			children = (
				CE974EBB1CF44E3500F6F35B /* Tic Tac Toe.app */,
			);
			name = Products;
			sourceTree = "<group>";
		};
		CE974EBD1CF44E3500F6F35B /* Tic Tac Toe */ = {
			isa = PBXGroup;
			children = (
				CE974EBE1CF44E3500F6F35B /* AppDelegate.swift */,
				CE974EC01CF44E3500F6F35B /* ViewController.swift */,
				CE974ED61CF4569E00F6F35B /* board.png */,
				A4D043621D00A9CB00DF072B /* cross.png */,
				A4D043631D00A9CB00DF072B /* nought.png */,
				CE974EC21CF44E3500F6F35B /* Main.storyboard */,
				CE974EC51CF44E3500F6F35B /* Assets.xcassets */,
				CE974EC71CF44E3500F6F35B /* LaunchScreen.storyboard */,
				CE974ECA1CF44E3500F6F35B /* Info.plist */,
			);
			path = "Tic Tac Toe";
			sourceTree = "<group>";
		};
/* End PBXGroup section */

/* Begin PBXNativeTarget section */
		CE974EBA1CF44E3500F6F35B /* Tic Tac Toe */ = {
			isa = PBXNativeTarget;
			buildConfigurationList = CE974ECD1CF44E3500F6F35B /* Build configuration list for PBXNativeTarget "Tic Tac Toe" */;
			buildPhases = (
				CE974EB71CF44E3500F6F35B /* Sources */,
				CE974EB81CF44E3500F6F35B /* Frameworks */,
				CE974EB91CF44E3500F6F35B /* Resources */,
			);
			buildRules = (
			);
			dependencies = (
			);
			name = "Tic Tac Toe";
			productName = "Tic Tac Toe";
			productReference = CE974EBB1CF44E3500F6F35B /* Tic Tac Toe.app */;
			productType = "com.apple.product-type.application";
		};
/* End PBXNativeTarget section */

/* Begin PBXProject section */
		CE974EB31CF44E3500F6F35B /* Project object */ = {
			isa = PBXProject;
			attributes = {
				LastSwiftUpdateCheck = 0730;
				LastUpgradeCheck = 0730;
				ORGANIZATIONNAME = epam;
				TargetAttributes = {
					CE974EBA1CF44E3500F6F35B = {
						CreatedOnToolsVersion = 7.3.1;
					};
				};
			};
			buildConfigurationList = CE974EB61CF44E3500F6F35B /* Build configuration list for PBXProject "Tic Tac Toe" */;
			compatibilityVersion = "Xcode 3.2";
			developmentRegion = English;
			hasScannedForEncodings = 0;
			knownRegions = (
				en,
				Base,
			);
			mainGroup = CE974EB21CF44E3500F6F35B;
			productRefGroup = CE974EBC1CF44E3500F6F35B /* Products */;
			projectDirPath = "";
			projectRoot = "";
			targets = (
				CE974EBA1CF44E3500F6F35B /* Tic Tac Toe */,
			);
		};
/* End PBXProject section */

/* Begin PBXResourcesBuildPhase section */
		CE974EB91CF44E3500F6F35B /* Resources */ = {
			isa = PBXResourcesBuildPhase;
			buildActionMask = 2147483647;
			files = (
				A4D043641D00A9CB00DF072B /* cross.png in Resources */,
				A4D043651D00A9CB00DF072B /* nought.png in Resources */,
				CE974ED71CF4569E00F6F35B /* board.png in Resources */,
				CE974EC91CF44E3500F6F35B /* LaunchScreen.storyboard in Resources */,
				CE974EC61CF44E3500F6F35B /* Assets.xcassets in Resources */,
				CE974EC41CF44E3500F6F35B /* Main.storyboard in Resources */,
			);
			runOnlyForDeploymentPostprocessing = 0;
		};
/* End PBXResourcesBuildPhase section */

/* Begin PBXSourcesBuildPhase section */
		CE974EB71CF44E3500F6F35B /* Sources */ = {
			isa = PBXSourcesBuildPhase;
			buildActionMask = 2147483647;
			files = (
				CE974EC11CF44E3500F6F35B /* ViewController.swift in Sources */,
				CE974EBF1CF44E3500F6F35B /* AppDelegate.swift in Sources */,
			);
			runOnlyForDeploymentPostprocessing = 0;
		};
/* End PBXSourcesBuildPhase section */

/* Begin PBXVariantGroup section */
		CE974EC21CF44E3500F6F35B /* Main.storyboard */ = {
			isa = PBXVariantGroup;
			children = (
				CE974EC31CF44E3500F6F35B /* Base */,
			);
			name = Main.storyboard;
			sourceTree = "<group>";
		};
		CE974EC71CF44E3500F6F35B /* LaunchScreen.storyboard */ = {
			isa = PBXVariantGroup;
			children = (
				CE974EC81CF44E3500F6F35B /* Base */,
			);
			name = LaunchScreen.storyboard;
			sourceTree = "<group>";
		};
/* End PBXVariantGroup section */

/* Begin XCBuildConfiguration section */
		CE974ECB1CF44E3500F6F35B /* Debug */ = {
			isa = XCBuildConfiguration;
			buildSettings = {
				ALWAYS_SEARCH_USER_PATHS = NO;
				CLANG_ANALYZER_NONNULL = YES;
				CLANG_CXX_LANGUAGE_STANDARD = "gnu++0x";
				CLANG_CXX_LIBRARY = "libc++";
				CLANG_ENABLE_MODULES = YES;
				CLANG_ENABLE_OBJC_ARC = YES;
				CLANG_WARN_BOOL_CONVERSION = YES;
				CLANG_WARN_CONSTANT_CONVERSION = YES;
				CLANG_WARN_DIRECT_OBJC_ISA_USAGE = YES_ERROR;
				CLANG_WARN_EMPTY_BODY = YES;
				CLANG_WARN_ENUM_CONVERSION = YES;
				CLANG_WARN_INT_CONVERSION = YES;
				CLANG_WARN_OBJC_ROOT_CLASS = YES_ERROR;
				CLANG_WARN_UNREACHABLE_CODE = YES;
				CLANG_WARN__DUPLICATE_METHOD_MATCH = YES;
				"CODE_SIGN_IDENTITY[sdk=iphoneos*]" = "iPhone Developer";
				COPY_PHASE_STRIP = NO;
				DEBUG_INFORMATION_FORMAT = dwarf;
				ENABLE_STRICT_OBJC_MSGSEND = YES;
				ENABLE_TESTABILITY = YES;
				GCC_C_LANGUAGE_STANDARD = gnu99;
				GCC_DYNAMIC_NO_PIC = NO;
				GCC_NO_COMMON_BLOCKS = YES;
				GCC_OPTIMIZATION_LEVEL = 0;
				GCC_PREPROCESSOR_DEFINITIONS = (
					"DEBUG=1",
					"$(inherited)",
				);
				GCC_WARN_64_TO_32_BIT_CONVERSION = YES;
				GCC_WARN_ABOUT_RETURN_TYPE = YES_ERROR;
				GCC_WARN_UNDECLARED_SELECTOR = YES;
				GCC_WARN_UNINITIALIZED_AUTOS = YES_AGGRESSIVE;
				GCC_WARN_UNUSED_FUNCTION = YES;
				GCC_WARN_UNUSED_VARIABLE = YES;
				IPHONEOS_DEPLOYMENT_TARGET = 9.3;
				MTL_ENABLE_DEBUG_INFO = YES;
				ONLY_ACTIVE_ARCH = YES;
				SDKROOT = iphoneos;
				SWIFT_OPTIMIZATION_LEVEL = "-Onone";
			};
			name = Debug;
		};
		CE974ECC1CF44E3500F6F35B /* Release */ = {
			isa = XCBuildConfiguration;
			buildSettings = {
				ALWAYS_SEARCH_USER_PATHS = NO;
				CLANG_ANALYZER_NONNULL = YES;
				CLANG_CXX_LANGUAGE_STANDARD = "gnu++0x";
				CLANG_CXX_LIBRARY = "libc++";
				CLANG_ENABLE_MODULES = YES;
				CLANG_ENABLE_OBJC_ARC = YES;
				CLANG_WARN_BOOL_CONVERSION = YES;
				CLANG_WARN_CONSTANT_CONVERSION = YES;
				CLANG_WARN_DIRECT_OBJC_ISA_USAGE = YES_ERROR;
				CLANG_WARN_EMPTY_BODY = YES;
				CLANG_WARN_ENUM_CONVERSION = YES;
				CLANG_WARN_INT_CONVERSION = YES;
				CLANG_WARN_OBJC_ROOT_CLASS = YES_ERROR;
				CLANG_WARN_UNREACHABLE_CODE = YES;
				CLANG_WARN__DUPLICATE_METHOD_MATCH = YES;
				"CODE_SIGN_IDENTITY[sdk=iphoneos*]" = "iPhone Developer";
				COPY_PHASE_STRIP = NO;
				DEBUG_INFORMATION_FORMAT = "dwarf-with-dsym";
				ENABLE_NS_ASSERTIONS = NO;
				ENABLE_STRICT_OBJC_MSGSEND = YES;
				GCC_C_LANGUAGE_STANDARD = gnu99;
				GCC_NO_COMMON_BLOCKS = YES;
				GCC_WARN_64_TO_32_BIT_CONVERSION = YES;
				GCC_WARN_ABOUT_RETURN_TYPE = YES_ERROR;
				GCC_WARN_UNDECLARED_SELECTOR = YES;
				GCC_WARN_UNINITIALIZED_AUTOS = YES_AGGRESSIVE;
				GCC_WARN_UNUSED_FUNCTION = YES;
				GCC_WARN_UNUSED_VARIABLE = YES;
				IPHONEOS_DEPLOYMENT_TARGET = 9.3;
				MTL_ENABLE_DEBUG_INFO = NO;
				SDKROOT = iphoneos;
				VALIDATE_PRODUCT = YES;
			};
			name = Release;
		};
		CE974ECE1CF44E3500F6F35B /* Debug */ = {
			isa = XCBuildConfiguration;
			buildSettings = {
				ASSETCATALOG_COMPILER_APPICON_NAME = AppIcon;
				INFOPLIST_FILE = "Tic Tac Toe/Info.plist";
				LD_RUNPATH_SEARCH_PATHS = "$(inherited) @executable_path/Frameworks";
				PRODUCT_BUNDLE_IDENTIFIER = "com.epam.Tic-Tac-Toe";
				PRODUCT_NAME = "$(TARGET_NAME)";
			};
			name = Debug;
		};
		CE974ECF1CF44E3500F6F35B /* Release */ = {
			isa = XCBuildConfiguration;
			buildSettings = {
				ASSETCATALOG_COMPILER_APPICON_NAME = AppIcon;
				INFOPLIST_FILE = "Tic Tac Toe/Info.plist";
				LD_RUNPATH_SEARCH_PATHS = "$(inherited) @executable_path/Frameworks";
				PRODUCT_BUNDLE_IDENTIFIER = "com.epam.Tic-Tac-Toe";
				PRODUCT_NAME = "$(TARGET_NAME)";
			};
			name = Release;
		};
/* End XCBuildConfiguration section */

/* Begin XCConfigurationList section */
		CE974EB61CF44E3500F6F35B /* Build configuration list for PBXProject "Tic Tac Toe" */ = {
			isa = XCConfigurationList;
			buildConfigurations = (
				CE974ECB1CF44E3500F6F35B /* Debug */,
				CE974ECC1CF44E3500F6F35B /* Release */,
			);
			defaultConfigurationIsVisible = 0;
			defaultConfigurationName = Release;
		};
		CE974ECD1CF44E3500F6F35B /* Build configuration list for PBXNativeTarget "Tic Tac Toe" */ = {
			isa = XCConfigurationList;
			buildConfigurations = (
				CE974ECE1CF44E3500F6F35B /* Debug */,
				CE974ECF1CF44E3500F6F35B /* Release */,
			);
			defaultConfigurationIsVisible = 0;
			defaultConfigurationName = Release;
		};
/* End XCConfigurationList section */
	};
	rootObject = CE974EB31CF44E3500F6F35B /* Project object */;
}
