// !$*UTF8*$!
{
	archiveVersion = 1;
	classes = {
	};
	objectVersion = 46;
	objects = {

/* Begin PBXBuildFile section */
		CE0E406B1CE4467000F1C9BE /* AppDelegate.swift in Sources */ = {isa = PBXBuildFile; fileRef = CE0E406A1CE4467000F1C9BE /* AppDelegate.swift */; };
		CE0E406D1CE4467000F1C9BE /* ViewController.swift in Sources */ = {isa = PBXBuildFile; fileRef = CE0E406C1CE4467000F1C9BE /* ViewController.swift */; };
		CE0E40701CE4467100F1C9BE /* Main.storyboard in Resources */ = {isa = PBXBuildFile; fileRef = CE0E406E1CE4467100F1C9BE /* Main.storyboard */; };
		CE0E40721CE4467100F1C9BE /* Assets.xcassets in Resources */ = {isa = PBXBuildFile; fileRef = CE0E40711CE4467100F1C9BE /* Assets.xcassets */; };
		CE0E40751CE4467100F1C9BE /* LaunchScreen.storyboard in Resources */ = {isa = PBXBuildFile; fileRef = CE0E40731CE4467100F1C9BE /* LaunchScreen.storyboard */; };
		CE0E407D1CE447B000F1C9BE /* india.jpg in Resources */ = {isa = PBXBuildFile; fileRef = CE0E407C1CE447B000F1C9BE /* india.jpg */; };
		CE0E407F1CE447D500F1C9BE /* anthem.mp3 in Resources */ = {isa = PBXBuildFile; fileRef = CE0E407E1CE447D500F1C9BE /* anthem.mp3 */; };
		CE0E40811CE475B500F1C9BE /* 1463059446_multimedia-53.png in Resources */ = {isa = PBXBuildFile; fileRef = CE0E40801CE475B500F1C9BE /* 1463059446_multimedia-53.png */; };
		CE0E40841CE475C000F1C9BE /* 1463059521_pause-circle-outline.png in Resources */ = {isa = PBXBuildFile; fileRef = CE0E40821CE475C000F1C9BE /* 1463059521_pause-circle-outline.png */; };
		CE0E40851CE475C000F1C9BE /* 1463059554_play-circle-outline.png in Resources */ = {isa = PBXBuildFile; fileRef = CE0E40831CE475C000F1C9BE /* 1463059554_play-circle-outline.png */; };
/* End PBXBuildFile section */

/* Begin PBXFileReference section */
		CE0E40671CE4467000F1C9BE /* AVFoundationDemo.app */ = {isa = PBXFileReference; explicitFileType = wrapper.application; includeInIndex = 0; path = AVFoundationDemo.app; sourceTree = BUILT_PRODUCTS_DIR; };
		CE0E406A1CE4467000F1C9BE /* AppDelegate.swift */ = {isa = PBXFileReference; lastKnownFileType = sourcecode.swift; path = AppDelegate.swift; sourceTree = "<group>"; };
		CE0E406C1CE4467000F1C9BE /* ViewController.swift */ = {isa = PBXFileReference; lastKnownFileType = sourcecode.swift; path = ViewController.swift; sourceTree = "<group>"; };
		CE0E406F1CE4467100F1C9BE /* Base */ = {isa = PBXFileReference; lastKnownFileType = file.storyboard; name = Base; path = Base.lproj/Main.storyboard; sourceTree = "<group>"; };
		CE0E40711CE4467100F1C9BE /* Assets.xcassets */ = {isa = PBXFileReference; lastKnownFileType = folder.assetcatalog; path = Assets.xcassets; sourceTree = "<group>"; };
		CE0E40741CE4467100F1C9BE /* Base */ = {isa = PBXFileReference; lastKnownFileType = file.storyboard; name = Base; path = Base.lproj/LaunchScreen.storyboard; sourceTree = "<group>"; };
		CE0E40761CE4467100F1C9BE /* Info.plist */ = {isa = PBXFileReference; lastKnownFileType = text.plist.xml; path = Info.plist; sourceTree = "<group>"; };
		CE0E407C1CE447B000F1C9BE /* india.jpg */ = {isa = PBXFileReference; lastKnownFileType = image.jpeg; path = india.jpg; sourceTree = "<group>"; };
		CE0E407E1CE447D500F1C9BE /* anthem.mp3 */ = {isa = PBXFileReference; lastKnownFileType = audio.mp3; path = anthem.mp3; sourceTree = "<group>"; };
		CE0E40801CE475B500F1C9BE /* 1463059446_multimedia-53.png */ = {isa = PBXFileReference; lastKnownFileType = image.png; path = "1463059446_multimedia-53.png"; sourceTree = "<group>"; };
		CE0E40821CE475C000F1C9BE /* 1463059521_pause-circle-outline.png */ = {isa = PBXFileReference; lastKnownFileType = image.png; path = "1463059521_pause-circle-outline.png"; sourceTree = "<group>"; };
		CE0E40831CE475C000F1C9BE /* 1463059554_play-circle-outline.png */ = {isa = PBXFileReference; lastKnownFileType = image.png; path = "1463059554_play-circle-outline.png"; sourceTree = "<group>"; };
/* End PBXFileReference section */

/* Begin PBXFrameworksBuildPhase section */
		CE0E40641CE4467000F1C9BE /* Frameworks */ = {
			isa = PBXFrameworksBuildPhase;
			buildActionMask = 2147483647;
			files = (
			);
			runOnlyForDeploymentPostprocessing = 0;
		};
/* End PBXFrameworksBuildPhase section */

/* Begin PBXGroup section */
		CE0E405E1CE4466F00F1C9BE = {
			isa = PBXGroup;
			children = (
				CE0E40691CE4467000F1C9BE /* AVFoundationDemo */,
				CE0E40681CE4467000F1C9BE /* Products */,
			);
			sourceTree = "<group>";
		};
		CE0E40681CE4467000F1C9BE /* Products */ = {
			isa = PBXGroup;
			children = (
				CE0E40671CE4467000F1C9BE /* AVFoundationDemo.app */,
			);
			name = Products;
			sourceTree = "<group>";
		};
		CE0E40691CE4467000F1C9BE /* AVFoundationDemo */ = {
			isa = PBXGroup;
			children = (
				CE0E407C1CE447B000F1C9BE /* india.jpg */,
				CE0E407E1CE447D500F1C9BE /* anthem.mp3 */,
				CE0E406A1CE4467000F1C9BE /* AppDelegate.swift */,
				CE0E406C1CE4467000F1C9BE /* ViewController.swift */,
				CE0E40821CE475C000F1C9BE /* 1463059521_pause-circle-outline.png */,
				CE0E40831CE475C000F1C9BE /* 1463059554_play-circle-outline.png */,
				CE0E406E1CE4467100F1C9BE /* Main.storyboard */,
				CE0E40801CE475B500F1C9BE /* 1463059446_multimedia-53.png */,
				CE0E40711CE4467100F1C9BE /* Assets.xcassets */,
				CE0E40731CE4467100F1C9BE /* LaunchScreen.storyboard */,
				CE0E40761CE4467100F1C9BE /* Info.plist */,
			);
			path = AVFoundationDemo;
			sourceTree = "<group>";
		};
/* End PBXGroup section */

/* Begin PBXNativeTarget section */
		CE0E40661CE4467000F1C9BE /* AVFoundationDemo */ = {
			isa = PBXNativeTarget;
			buildConfigurationList = CE0E40791CE4467100F1C9BE /* Build configuration list for PBXNativeTarget "AVFoundationDemo" */;
			buildPhases = (
				CE0E40631CE4467000F1C9BE /* Sources */,
				CE0E40641CE4467000F1C9BE /* Frameworks */,
				CE0E40651CE4467000F1C9BE /* Resources */,
			);
			buildRules = (
			);
			dependencies = (
			);
			name = AVFoundationDemo;
			productName = AVFoundationDemo;
			productReference = CE0E40671CE4467000F1C9BE /* AVFoundationDemo.app */;
			productType = "com.apple.product-type.application";
		};
/* End PBXNativeTarget section */

/* Begin PBXProject section */
		CE0E405F1CE4466F00F1C9BE /* Project object */ = {
			isa = PBXProject;
			attributes = {
				LastSwiftUpdateCheck = 0730;
				LastUpgradeCheck = 0730;
				ORGANIZATIONNAME = epam;
				TargetAttributes = {
					CE0E40661CE4467000F1C9BE = {
						CreatedOnToolsVersion = 7.3.1;
					};
				};
			};
			buildConfigurationList = CE0E40621CE4466F00F1C9BE /* Build configuration list for PBXProject "AVFoundationDemo" */;
			compatibilityVersion = "Xcode 3.2";
			developmentRegion = English;
			hasScannedForEncodings = 0;
			knownRegions = (
				en,
				Base,
			);
			mainGroup = CE0E405E1CE4466F00F1C9BE;
			productRefGroup = CE0E40681CE4467000F1C9BE /* Products */;
			projectDirPath = "";
			projectRoot = "";
			targets = (
				CE0E40661CE4467000F1C9BE /* AVFoundationDemo */,
			);
		};
/* End PBXProject section */

/* Begin PBXResourcesBuildPhase section */
		CE0E40651CE4467000F1C9BE /* Resources */ = {
			isa = PBXResourcesBuildPhase;
			buildActionMask = 2147483647;
			files = (
				CE0E40851CE475C000F1C9BE /* 1463059554_play-circle-outline.png in Resources */,
				CE0E40841CE475C000F1C9BE /* 1463059521_pause-circle-outline.png in Resources */,
				CE0E40751CE4467100F1C9BE /* LaunchScreen.storyboard in Resources */,
				CE0E407F1CE447D500F1C9BE /* anthem.mp3 in Resources */,
				CE0E407D1CE447B000F1C9BE /* india.jpg in Resources */,
				CE0E40721CE4467100F1C9BE /* Assets.xcassets in Resources */,
				CE0E40811CE475B500F1C9BE /* 1463059446_multimedia-53.png in Resources */,
				CE0E40701CE4467100F1C9BE /* Main.storyboard in Resources */,
			);
			runOnlyForDeploymentPostprocessing = 0;
		};
/* End PBXResourcesBuildPhase section */

/* Begin PBXSourcesBuildPhase section */
		CE0E40631CE4467000F1C9BE /* Sources */ = {
			isa = PBXSourcesBuildPhase;
			buildActionMask = 2147483647;
			files = (
				CE0E406D1CE4467000F1C9BE /* ViewController.swift in Sources */,
				CE0E406B1CE4467000F1C9BE /* AppDelegate.swift in Sources */,
			);
			runOnlyForDeploymentPostprocessing = 0;
		};
/* End PBXSourcesBuildPhase section */

/* Begin PBXVariantGroup section */
		CE0E406E1CE4467100F1C9BE /* Main.storyboard */ = {
			isa = PBXVariantGroup;
			children = (
				CE0E406F1CE4467100F1C9BE /* Base */,
			);
			name = Main.storyboard;
			sourceTree = "<group>";
		};
		CE0E40731CE4467100F1C9BE /* LaunchScreen.storyboard */ = {
			isa = PBXVariantGroup;
			children = (
				CE0E40741CE4467100F1C9BE /* Base */,
			);
			name = LaunchScreen.storyboard;
			sourceTree = "<group>";
		};
/* End PBXVariantGroup section */

/* Begin XCBuildConfiguration section */
		CE0E40771CE4467100F1C9BE /* Debug */ = {
			isa = XCBuildConfiguration;
			buildSettings = {
				ALWAYS_SEARCH_USER_PATHS = NO;
				CLANG_ANALYZER_NONNULL = YES;
				CLANG_CXX_LANGUAGE_STANDARD = "gnu++0x";
				CLANG_CXX_LIBRARY = "libc++";
				CLANG_ENABLE_MODULES = YES;
				CLANG_ENABLE_OBJC_ARC = YES;
				CLANG_WARN_BOOL_CONVERSION = YES;
				CLANG_WARN_CONSTANT_CONVERSION = YES;
				CLANG_WARN_DIRECT_OBJC_ISA_USAGE = YES_ERROR;
				CLANG_WARN_EMPTY_BODY = YES;
				CLANG_WARN_ENUM_CONVERSION = YES;
				CLANG_WARN_INT_CONVERSION = YES;
				CLANG_WARN_OBJC_ROOT_CLASS = YES_ERROR;
				CLANG_WARN_UNREACHABLE_CODE = YES;
				CLANG_WARN__DUPLICATE_METHOD_MATCH = YES;
				"CODE_SIGN_IDENTITY[sdk=iphoneos*]" = "iPhone Developer";
				COPY_PHASE_STRIP = NO;
				DEBUG_INFORMATION_FORMAT = dwarf;
				ENABLE_STRICT_OBJC_MSGSEND = YES;
				ENABLE_TESTABILITY = YES;
				GCC_C_LANGUAGE_STANDARD = gnu99;
				GCC_DYNAMIC_NO_PIC = NO;
				GCC_NO_COMMON_BLOCKS = YES;
				GCC_OPTIMIZATION_LEVEL = 0;
				GCC_PREPROCESSOR_DEFINITIONS = (
					"DEBUG=1",
					"$(inherited)",
				);
				GCC_WARN_64_TO_32_BIT_CONVERSION = YES;
				GCC_WARN_ABOUT_RETURN_TYPE = YES_ERROR;
				GCC_WARN_UNDECLARED_SELECTOR = YES;
				GCC_WARN_UNINITIALIZED_AUTOS = YES_AGGRESSIVE;
				GCC_WARN_UNUSED_FUNCTION = YES;
				GCC_WARN_UNUSED_VARIABLE = YES;
				IPHONEOS_DEPLOYMENT_TARGET = 9.3;
				MTL_ENABLE_DEBUG_INFO = YES;
				ONLY_ACTIVE_ARCH = YES;
				SDKROOT = iphoneos;
				SWIFT_OPTIMIZATION_LEVEL = "-Onone";
			};
			name = Debug;
		};
		CE0E40781CE4467100F1C9BE /* Release */ = {
			isa = XCBuildConfiguration;
			buildSettings = {
				ALWAYS_SEARCH_USER_PATHS = NO;
				CLANG_ANALYZER_NONNULL = YES;
				CLANG_CXX_LANGUAGE_STANDARD = "gnu++0x";
				CLANG_CXX_LIBRARY = "libc++";
				CLANG_ENABLE_MODULES = YES;
				CLANG_ENABLE_OBJC_ARC = YES;
				CLANG_WARN_BOOL_CONVERSION = YES;
				CLANG_WARN_CONSTANT_CONVERSION = YES;
				CLANG_WARN_DIRECT_OBJC_ISA_USAGE = YES_ERROR;
				CLANG_WARN_EMPTY_BODY = YES;
				CLANG_WARN_ENUM_CONVERSION = YES;
				CLANG_WARN_INT_CONVERSION = YES;
				CLANG_WARN_OBJC_ROOT_CLASS = YES_ERROR;
				CLANG_WARN_UNREACHABLE_CODE = YES;
				CLANG_WARN__DUPLICATE_METHOD_MATCH = YES;
				"CODE_SIGN_IDENTITY[sdk=iphoneos*]" = "iPhone Developer";
				COPY_PHASE_STRIP = NO;
				DEBUG_INFORMATION_FORMAT = "dwarf-with-dsym";
				ENABLE_NS_ASSERTIONS = NO;
				ENABLE_STRICT_OBJC_MSGSEND = YES;
				GCC_C_LANGUAGE_STANDARD = gnu99;
				GCC_NO_COMMON_BLOCKS = YES;
				GCC_WARN_64_TO_32_BIT_CONVERSION = YES;
				GCC_WARN_ABOUT_RETURN_TYPE = YES_ERROR;
				GCC_WARN_UNDECLARED_SELECTOR = YES;
				GCC_WARN_UNINITIALIZED_AUTOS = YES_AGGRESSIVE;
				GCC_WARN_UNUSED_FUNCTION = YES;
				GCC_WARN_UNUSED_VARIABLE = YES;
				IPHONEOS_DEPLOYMENT_TARGET = 9.3;
				MTL_ENABLE_DEBUG_INFO = NO;
				SDKROOT = iphoneos;
				VALIDATE_PRODUCT = YES;
			};
			name = Release;
		};
		CE0E407A1CE4467100F1C9BE /* Debug */ = {
			isa = XCBuildConfiguration;
			buildSettings = {
				ASSETCATALOG_COMPILER_APPICON_NAME = AppIcon;
				INFOPLIST_FILE = AVFoundationDemo/Info.plist;
				LD_RUNPATH_SEARCH_PATHS = "$(inherited) @executable_path/Frameworks";
				PRODUCT_BUNDLE_IDENTIFIER = com.epam.AVFoundationDemo;
				PRODUCT_NAME = "$(TARGET_NAME)";
			};
			name = Debug;
		};
		CE0E407B1CE4467100F1C9BE /* Release */ = {
			isa = XCBuildConfiguration;
			buildSettings = {
				ASSETCATALOG_COMPILER_APPICON_NAME = AppIcon;
				INFOPLIST_FILE = AVFoundationDemo/Info.plist;
				LD_RUNPATH_SEARCH_PATHS = "$(inherited) @executable_path/Frameworks";
				PRODUCT_BUNDLE_IDENTIFIER = com.epam.AVFoundationDemo;
				PRODUCT_NAME = "$(TARGET_NAME)";
			};
			name = Release;
		};
/* End XCBuildConfiguration section */

/* Begin XCConfigurationList section */
		CE0E40621CE4466F00F1C9BE /* Build configuration list for PBXProject "AVFoundationDemo" */ = {
			isa = XCConfigurationList;
			buildConfigurations = (
				CE0E40771CE4467100F1C9BE /* Debug */,
				CE0E40781CE4467100F1C9BE /* Release */,
			);
			defaultConfigurationIsVisible = 0;
			defaultConfigurationName = Release;
		};
		CE0E40791CE4467100F1C9BE /* Build configuration list for PBXNativeTarget "AVFoundationDemo" */ = {
			isa = XCConfigurationList;
			buildConfigurations = (
				CE0E407A1CE4467100F1C9BE /* Debug */,
				CE0E407B1CE4467100F1C9BE /* Release */,
			);
			defaultConfigurationIsVisible = 0;
		};
/* End XCConfigurationList section */
	};
	rootObject = CE0E405F1CE4466F00F1C9BE /* Project object */;
}
