// !$*UTF8*$!
{
	archiveVersion = 1;
	classes = {
	};
	objectVersion = 46;
	objects = {

/* Begin PBXBuildFile section */
		CEB35EB01CE1D85A006B0F2D /* AppDelegate.swift in Sources */ = {isa = PBXBuildFile; fileRef = CEB35EAF1CE1D85A006B0F2D /* AppDelegate.swift */; };
		CEB35EB21CE1D85A006B0F2D /* ViewController.swift in Sources */ = {isa = PBXBuildFile; fileRef = CEB35EB11CE1D85A006B0F2D /* ViewController.swift */; };
		CEB35EB71CE1D85B006B0F2D /* Assets.xcassets in Resources */ = {isa = PBXBuildFile; fileRef = CEB35EB61CE1D85B006B0F2D /* Assets.xcassets */; };
		CEB35EBA1CE1D85B006B0F2D /* LaunchScreen.storyboard in Resources */ = {isa = PBXBuildFile; fileRef = CEB35EB81CE1D85B006B0F2D /* LaunchScreen.storyboard */; };
		CEB35EC21CE1DA4F006B0F2D /* Main.storyboard in Resources */ = {isa = PBXBuildFile; fileRef = CEB35EC11CE1DA4F006B0F2D /* Main.storyboard */; };
/* End PBXBuildFile section */

/* Begin PBXFileReference section */
		CEB35EAC1CE1D85A006B0F2D /* imagePickerDemo.app */ = {isa = PBXFileReference; explicitFileType = wrapper.application; includeInIndex = 0; path = imagePickerDemo.app; sourceTree = BUILT_PRODUCTS_DIR; };
		CEB35EAF1CE1D85A006B0F2D /* AppDelegate.swift */ = {isa = PBXFileReference; lastKnownFileType = sourcecode.swift; path = AppDelegate.swift; sourceTree = "<group>"; };
		CEB35EB11CE1D85A006B0F2D /* ViewController.swift */ = {isa = PBXFileReference; lastKnownFileType = sourcecode.swift; path = ViewController.swift; sourceTree = "<group>"; };
		CEB35EB61CE1D85B006B0F2D /* Assets.xcassets */ = {isa = PBXFileReference; lastKnownFileType = folder.assetcatalog; path = Assets.xcassets; sourceTree = "<group>"; };
		CEB35EB91CE1D85B006B0F2D /* Base */ = {isa = PBXFileReference; lastKnownFileType = file.storyboard; name = Base; path = Base.lproj/LaunchScreen.storyboard; sourceTree = "<group>"; };
		CEB35EBB1CE1D85B006B0F2D /* Info.plist */ = {isa = PBXFileReference; lastKnownFileType = text.plist.xml; path = Info.plist; sourceTree = "<group>"; };
		CEB35EC11CE1DA4F006B0F2D /* Main.storyboard */ = {isa = PBXFileReference; fileEncoding = 4; lastKnownFileType = file.storyboard; path = Main.storyboard; sourceTree = "<group>"; };
/* End PBXFileReference section */

/* Begin PBXFrameworksBuildPhase section */
		CEB35EA91CE1D85A006B0F2D /* Frameworks */ = {
			isa = PBXFrameworksBuildPhase;
			buildActionMask = 2147483647;
			files = (
			);
			runOnlyForDeploymentPostprocessing = 0;
		};
/* End PBXFrameworksBuildPhase section */

/* Begin PBXGroup section */
		CEB35EA31CE1D85A006B0F2D = {
			isa = PBXGroup;
			children = (
				CEB35EAE1CE1D85A006B0F2D /* imagePickerDemo */,
				CEB35EAD1CE1D85A006B0F2D /* Products */,
			);
			sourceTree = "<group>";
		};
		CEB35EAD1CE1D85A006B0F2D /* Products */ = {
			isa = PBXGroup;
			children = (
				CEB35EAC1CE1D85A006B0F2D /* imagePickerDemo.app */,
			);
			name = Products;
			sourceTree = "<group>";
		};
		CEB35EAE1CE1D85A006B0F2D /* imagePickerDemo */ = {
			isa = PBXGroup;
			children = (
				CEB35EC11CE1DA4F006B0F2D /* Main.storyboard */,
				CEB35EAF1CE1D85A006B0F2D /* AppDelegate.swift */,
				CEB35EB11CE1D85A006B0F2D /* ViewController.swift */,
				CEB35EB61CE1D85B006B0F2D /* Assets.xcassets */,
				CEB35EB81CE1D85B006B0F2D /* LaunchScreen.storyboard */,
				CEB35EBB1CE1D85B006B0F2D /* Info.plist */,
			);
			path = imagePickerDemo;
			sourceTree = "<group>";
		};
/* End PBXGroup section */

/* Begin PBXNativeTarget section */
		CEB35EAB1CE1D85A006B0F2D /* imagePickerDemo */ = {
			isa = PBXNativeTarget;
			buildConfigurationList = CEB35EBE1CE1D85B006B0F2D /* Build configuration list for PBXNativeTarget "imagePickerDemo" */;
			buildPhases = (
				CEB35EA81CE1D85A006B0F2D /* Sources */,
				CEB35EA91CE1D85A006B0F2D /* Frameworks */,
				CEB35EAA1CE1D85A006B0F2D /* Resources */,
			);
			buildRules = (
			);
			dependencies = (
			);
			name = imagePickerDemo;
			productName = imagePickerDemo;
			productReference = CEB35EAC1CE1D85A006B0F2D /* imagePickerDemo.app */;
			productType = "com.apple.product-type.application";
		};
/* End PBXNativeTarget section */

/* Begin PBXProject section */
		CEB35EA41CE1D85A006B0F2D /* Project object */ = {
			isa = PBXProject;
			attributes = {
				LastSwiftUpdateCheck = 0730;
				LastUpgradeCheck = 0730;
				ORGANIZATIONNAME = epam;
				TargetAttributes = {
					CEB35EAB1CE1D85A006B0F2D = {
						CreatedOnToolsVersion = 7.3.1;
						DevelopmentTeam = EZ4U65TY7H;
					};
				};
			};
			buildConfigurationList = CEB35EA71CE1D85A006B0F2D /* Build configuration list for PBXProject "imagePickerDemo" */;
			compatibilityVersion = "Xcode 3.2";
			developmentRegion = English;
			hasScannedForEncodings = 0;
			knownRegions = (
				en,
				Base,
			);
			mainGroup = CEB35EA31CE1D85A006B0F2D;
			productRefGroup = CEB35EAD1CE1D85A006B0F2D /* Products */;
			projectDirPath = "";
			projectRoot = "";
			targets = (
				CEB35EAB1CE1D85A006B0F2D /* imagePickerDemo */,
			);
		};
/* End PBXProject section */

/* Begin PBXResourcesBuildPhase section */
		CEB35EAA1CE1D85A006B0F2D /* Resources */ = {
			isa = PBXResourcesBuildPhase;
			buildActionMask = 2147483647;
			files = (
				CEB35EC21CE1DA4F006B0F2D /* Main.storyboard in Resources */,
				CEB35EBA1CE1D85B006B0F2D /* LaunchScreen.storyboard in Resources */,
				CEB35EB71CE1D85B006B0F2D /* Assets.xcassets in Resources */,
			);
			runOnlyForDeploymentPostprocessing = 0;
		};
/* End PBXResourcesBuildPhase section */

/* Begin PBXSourcesBuildPhase section */
		CEB35EA81CE1D85A006B0F2D /* Sources */ = {
			isa = PBXSourcesBuildPhase;
			buildActionMask = 2147483647;
			files = (
				CEB35EB21CE1D85A006B0F2D /* ViewController.swift in Sources */,
				CEB35EB01CE1D85A006B0F2D /* AppDelegate.swift in Sources */,
			);
			runOnlyForDeploymentPostprocessing = 0;
		};
/* End PBXSourcesBuildPhase section */

/* Begin PBXVariantGroup section */
		CEB35EB81CE1D85B006B0F2D /* LaunchScreen.storyboard */ = {
			isa = PBXVariantGroup;
			children = (
				CEB35EB91CE1D85B006B0F2D /* Base */,
			);
			name = LaunchScreen.storyboard;
			sourceTree = "<group>";
		};
/* End PBXVariantGroup section */

/* Begin XCBuildConfiguration section */
		CEB35EBC1CE1D85B006B0F2D /* Debug */ = {
			isa = XCBuildConfiguration;
			buildSettings = {
				ALWAYS_SEARCH_USER_PATHS = NO;
				CLANG_ANALYZER_NONNULL = YES;
				CLANG_CXX_LANGUAGE_STANDARD = "gnu++0x";
				CLANG_CXX_LIBRARY = "libc++";
				CLANG_ENABLE_MODULES = YES;
				CLANG_ENABLE_OBJC_ARC = YES;
				CLANG_WARN_BOOL_CONVERSION = YES;
				CLANG_WARN_CONSTANT_CONVERSION = YES;
				CLANG_WARN_DIRECT_OBJC_ISA_USAGE = YES_ERROR;
				CLANG_WARN_EMPTY_BODY = YES;
				CLANG_WARN_ENUM_CONVERSION = YES;
				CLANG_WARN_INT_CONVERSION = YES;
				CLANG_WARN_OBJC_ROOT_CLASS = YES_ERROR;
				CLANG_WARN_UNREACHABLE_CODE = YES;
				CLANG_WARN__DUPLICATE_METHOD_MATCH = YES;
				"CODE_SIGN_IDENTITY[sdk=iphoneos*]" = "iPhone Developer";
				COPY_PHASE_STRIP = NO;
				DEBUG_INFORMATION_FORMAT = dwarf;
				ENABLE_STRICT_OBJC_MSGSEND = YES;
				ENABLE_TESTABILITY = YES;
				GCC_C_LANGUAGE_STANDARD = gnu99;
				GCC_DYNAMIC_NO_PIC = NO;
				GCC_NO_COMMON_BLOCKS = YES;
				GCC_OPTIMIZATION_LEVEL = 0;
				GCC_PREPROCESSOR_DEFINITIONS = (
					"DEBUG=1",
					"$(inherited)",
				);
				GCC_WARN_64_TO_32_BIT_CONVERSION = YES;
				GCC_WARN_ABOUT_RETURN_TYPE = YES_ERROR;
				GCC_WARN_UNDECLARED_SELECTOR = YES;
				GCC_WARN_UNINITIALIZED_AUTOS = YES_AGGRESSIVE;
				GCC_WARN_UNUSED_FUNCTION = YES;
				GCC_WARN_UNUSED_VARIABLE = YES;
				IPHONEOS_DEPLOYMENT_TARGET = 9.3;
				MTL_ENABLE_DEBUG_INFO = YES;
				ONLY_ACTIVE_ARCH = YES;
				SDKROOT = iphoneos;
				SWIFT_OPTIMIZATION_LEVEL = "-Onone";
			};
			name = Debug;
		};
		CEB35EBD1CE1D85B006B0F2D /* Release */ = {
			isa = XCBuildConfiguration;
			buildSettings = {
				ALWAYS_SEARCH_USER_PATHS = NO;
				CLANG_ANALYZER_NONNULL = YES;
				CLANG_CXX_LANGUAGE_STANDARD = "gnu++0x";
				CLANG_CXX_LIBRARY = "libc++";
				CLANG_ENABLE_MODULES = YES;
				CLANG_ENABLE_OBJC_ARC = YES;
				CLANG_WARN_BOOL_CONVERSION = YES;
				CLANG_WARN_CONSTANT_CONVERSION = YES;
				CLANG_WARN_DIRECT_OBJC_ISA_USAGE = YES_ERROR;
				CLANG_WARN_EMPTY_BODY = YES;
				CLANG_WARN_ENUM_CONVERSION = YES;
				CLANG_WARN_INT_CONVERSION = YES;
				CLANG_WARN_OBJC_ROOT_CLASS = YES_ERROR;
				CLANG_WARN_UNREACHABLE_CODE = YES;
				CLANG_WARN__DUPLICATE_METHOD_MATCH = YES;
				"CODE_SIGN_IDENTITY[sdk=iphoneos*]" = "iPhone Developer";
				COPY_PHASE_STRIP = NO;
				DEBUG_INFORMATION_FORMAT = "dwarf-with-dsym";
				ENABLE_NS_ASSERTIONS = NO;
				ENABLE_STRICT_OBJC_MSGSEND = YES;
				GCC_C_LANGUAGE_STANDARD = gnu99;
				GCC_NO_COMMON_BLOCKS = YES;
				GCC_WARN_64_TO_32_BIT_CONVERSION = YES;
				GCC_WARN_ABOUT_RETURN_TYPE = YES_ERROR;
				GCC_WARN_UNDECLARED_SELECTOR = YES;
				GCC_WARN_UNINITIALIZED_AUTOS = YES_AGGRESSIVE;
				GCC_WARN_UNUSED_FUNCTION = YES;
				GCC_WARN_UNUSED_VARIABLE = YES;
				IPHONEOS_DEPLOYMENT_TARGET = 9.3;
				MTL_ENABLE_DEBUG_INFO = NO;
				SDKROOT = iphoneos;
				VALIDATE_PRODUCT = YES;
			};
			name = Release;
		};
		CEB35EBF1CE1D85B006B0F2D /* Debug */ = {
			isa = XCBuildConfiguration;
			buildSettings = {
				ASSETCATALOG_COMPILER_APPICON_NAME = AppIcon;
				CODE_SIGN_IDENTITY = "iPhone Developer";
				"CODE_SIGN_IDENTITY[sdk=iphoneos*]" = "iPhone Developer";
				INFOPLIST_FILE = imagePickerDemo/Info.plist;
				LD_RUNPATH_SEARCH_PATHS = "$(inherited) @executable_path/Frameworks";
				PRODUCT_BUNDLE_IDENTIFIER = com.epam.imagePickerDemo;
				PRODUCT_NAME = "$(TARGET_NAME)";
				PROVISIONING_PROFILE = "";
			};
			name = Debug;
		};
		CEB35EC01CE1D85B006B0F2D /* Release */ = {
			isa = XCBuildConfiguration;
			buildSettings = {
				ASSETCATALOG_COMPILER_APPICON_NAME = AppIcon;
				CODE_SIGN_IDENTITY = "iPhone Developer";
				"CODE_SIGN_IDENTITY[sdk=iphoneos*]" = "iPhone Developer";
				INFOPLIST_FILE = imagePickerDemo/Info.plist;
				LD_RUNPATH_SEARCH_PATHS = "$(inherited) @executable_path/Frameworks";
				PRODUCT_BUNDLE_IDENTIFIER = com.epam.imagePickerDemo;
				PRODUCT_NAME = "$(TARGET_NAME)";
				PROVISIONING_PROFILE = "";
			};
			name = Release;
		};
/* End XCBuildConfiguration section */

/* Begin XCConfigurationList section */
		CEB35EA71CE1D85A006B0F2D /* Build configuration list for PBXProject "imagePickerDemo" */ = {
			isa = XCConfigurationList;
			buildConfigurations = (
				CEB35EBC1CE1D85B006B0F2D /* Debug */,
				CEB35EBD1CE1D85B006B0F2D /* Release */,
			);
			defaultConfigurationIsVisible = 0;
			defaultConfigurationName = Release;
		};
		CEB35EBE1CE1D85B006B0F2D /* Build configuration list for PBXNativeTarget "imagePickerDemo" */ = {
			isa = XCConfigurationList;
			buildConfigurations = (
				CEB35EBF1CE1D85B006B0F2D /* Debug */,
				CEB35EC01CE1D85B006B0F2D /* Release */,
			);
			defaultConfigurationIsVisible = 0;
		};
/* End XCConfigurationList section */
	};
	rootObject = CEB35EA41CE1D85A006B0F2D /* Project object */;
}
